// !$*UTF8*$!
{
	archiveVersion = 1;
	classes = {
	};
	objectVersion = 46;
	objects = {

/* Begin PBXBuildFile section */
		871BE8F81942D38300B18578 /* Foundation.framework in Frameworks */ = {isa = PBXBuildFile; fileRef = 871BE8F71942D38300B18578 /* Foundation.framework */; };
		871BE8FA1942D38300B18578 /* CoreGraphics.framework in Frameworks */ = {isa = PBXBuildFile; fileRef = 871BE8F91942D38300B18578 /* CoreGraphics.framework */; };
		871BE8FC1942D38300B18578 /* UIKit.framework in Frameworks */ = {isa = PBXBuildFile; fileRef = 871BE8FB1942D38300B18578 /* UIKit.framework */; };
		871BE9021942D38300B18578 /* InfoPlist.strings in Resources */ = {isa = PBXBuildFile; fileRef = 871BE9001942D38300B18578 /* InfoPlist.strings */; };
		871BE9041942D38300B18578 /* main.m in Sources */ = {isa = PBXBuildFile; fileRef = 871BE9031942D38300B18578 /* main.m */; };
		871BE9081942D38300B18578 /* RTAppDelegate.m in Sources */ = {isa = PBXBuildFile; fileRef = 871BE9071942D38300B18578 /* RTAppDelegate.m */; };
		871BE90A1942D38300B18578 /* Images.xcassets in Resources */ = {isa = PBXBuildFile; fileRef = 871BE9091942D38300B18578 /* Images.xcassets */; };
		871BE9111942D38300B18578 /* XCTest.framework in Frameworks */ = {isa = PBXBuildFile; fileRef = 871BE9101942D38300B18578 /* XCTest.framework */; };
		871BE9121942D38300B18578 /* Foundation.framework in Frameworks */ = {isa = PBXBuildFile; fileRef = 871BE8F71942D38300B18578 /* Foundation.framework */; };
		871BE9131942D38300B18578 /* UIKit.framework in Frameworks */ = {isa = PBXBuildFile; fileRef = 871BE8FB1942D38300B18578 /* UIKit.framework */; };
		871BE91B1942D38300B18578 /* InfoPlist.strings in Resources */ = {isa = PBXBuildFile; fileRef = 871BE9191942D38300B18578 /* InfoPlist.strings */; };
		871BE91D1942D38300B18578 /* RottenTomatoesTests.m in Sources */ = {isa = PBXBuildFile; fileRef = 871BE91C1942D38300B18578 /* RottenTomatoesTests.m */; };
		871BE9291942D6A400B18578 /* RTMovieListViewController.m in Sources */ = {isa = PBXBuildFile; fileRef = 871BE9271942D6A400B18578 /* RTMovieListViewController.m */; };
		871BE92A1942D6A400B18578 /* RTMovieListViewController.xib in Resources */ = {isa = PBXBuildFile; fileRef = 871BE9281942D6A400B18578 /* RTMovieListViewController.xib */; };
		871BE9361943AC4600B18578 /* RTMovieCell.m in Sources */ = {isa = PBXBuildFile; fileRef = 871BE9341943AC4600B18578 /* RTMovieCell.m */; };
		871BE9371943AC4600B18578 /* RTMovieCell.xib in Resources */ = {isa = PBXBuildFile; fileRef = 871BE9351943AC4600B18578 /* RTMovieCell.xib */; };
		871BE93B1943D6CB00B18578 /* RTMovie.m in Sources */ = {isa = PBXBuildFile; fileRef = 871BE93A1943D6CB00B18578 /* RTMovie.m */; };
		871BE9421943DCC800B18578 /* RTMovieDetailViewController.m in Sources */ = {isa = PBXBuildFile; fileRef = 871BE9401943DCC800B18578 /* RTMovieDetailViewController.m */; };
		871BE9431943DCC800B18578 /* RTMovieDetailViewController.xib in Resources */ = {isa = PBXBuildFile; fileRef = 871BE9411943DCC800B18578 /* RTMovieDetailViewController.xib */; };
		FC7FD20FBB154DEE8A12AD3E /* libPods.a in Frameworks */ = {isa = PBXBuildFile; fileRef = 9FF698FED43C436483D7B572 /* libPods.a */; };
/* End PBXBuildFile section */

/* Begin PBXContainerItemProxy section */
		871BE9141942D38300B18578 /* PBXContainerItemProxy */ = {
			isa = PBXContainerItemProxy;
			containerPortal = 871BE8EC1942D38300B18578 /* Project object */;
			proxyType = 1;
			remoteGlobalIDString = 871BE8F31942D38300B18578;
			remoteInfo = RottenTomatoes;
		};
/* End PBXContainerItemProxy section */

/* Begin PBXFileReference section */
		871BE8F41942D38300B18578 /* RottenTomatoes.app */ = {isa = PBXFileReference; explicitFileType = wrapper.application; includeInIndex = 0; path = RottenTomatoes.app; sourceTree = BUILT_PRODUCTS_DIR; };
		871BE8F71942D38300B18578 /* Foundation.framework */ = {isa = PBXFileReference; lastKnownFileType = wrapper.framework; name = Foundation.framework; path = System/Library/Frameworks/Foundation.framework; sourceTree = SDKROOT; };
		871BE8F91942D38300B18578 /* CoreGraphics.framework */ = {isa = PBXFileReference; lastKnownFileType = wrapper.framework; name = CoreGraphics.framework; path = System/Library/Frameworks/CoreGraphics.framework; sourceTree = SDKROOT; };
		871BE8FB1942D38300B18578 /* UIKit.framework */ = {isa = PBXFileReference; lastKnownFileType = wrapper.framework; name = UIKit.framework; path = System/Library/Frameworks/UIKit.framework; sourceTree = SDKROOT; };
		871BE8FF1942D38300B18578 /* RottenTomatoes-Info.plist */ = {isa = PBXFileReference; lastKnownFileType = text.plist.xml; path = "RottenTomatoes-Info.plist"; sourceTree = "<group>"; };
		871BE9011942D38300B18578 /* en */ = {isa = PBXFileReference; lastKnownFileType = text.plist.strings; name = en; path = en.lproj/InfoPlist.strings; sourceTree = "<group>"; };
		871BE9031942D38300B18578 /* main.m */ = {isa = PBXFileReference; lastKnownFileType = sourcecode.c.objc; path = main.m; sourceTree = "<group>"; };
		871BE9051942D38300B18578 /* RottenTomatoes-Prefix.pch */ = {isa = PBXFileReference; lastKnownFileType = sourcecode.c.h; path = "RottenTomatoes-Prefix.pch"; sourceTree = "<group>"; };
		871BE9061942D38300B18578 /* RTAppDelegate.h */ = {isa = PBXFileReference; lastKnownFileType = sourcecode.c.h; path = RTAppDelegate.h; sourceTree = "<group>"; };
		871BE9071942D38300B18578 /* RTAppDelegate.m */ = {isa = PBXFileReference; lastKnownFileType = sourcecode.c.objc; path = RTAppDelegate.m; sourceTree = "<group>"; };
		871BE9091942D38300B18578 /* Images.xcassets */ = {isa = PBXFileReference; lastKnownFileType = folder.assetcatalog; path = Images.xcassets; sourceTree = "<group>"; };
		871BE90F1942D38300B18578 /* RottenTomatoesTests.xctest */ = {isa = PBXFileReference; explicitFileType = wrapper.cfbundle; includeInIndex = 0; path = RottenTomatoesTests.xctest; sourceTree = BUILT_PRODUCTS_DIR; };
		871BE9101942D38300B18578 /* XCTest.framework */ = {isa = PBXFileReference; lastKnownFileType = wrapper.framework; name = XCTest.framework; path = Library/Frameworks/XCTest.framework; sourceTree = DEVELOPER_DIR; };
		871BE9181942D38300B18578 /* RottenTomatoesTests-Info.plist */ = {isa = PBXFileReference; lastKnownFileType = text.plist.xml; path = "RottenTomatoesTests-Info.plist"; sourceTree = "<group>"; };
		871BE91A1942D38300B18578 /* en */ = {isa = PBXFileReference; lastKnownFileType = text.plist.strings; name = en; path = en.lproj/InfoPlist.strings; sourceTree = "<group>"; };
		871BE91C1942D38300B18578 /* RottenTomatoesTests.m */ = {isa = PBXFileReference; lastKnownFileType = sourcecode.c.objc; path = RottenTomatoesTests.m; sourceTree = "<group>"; };
		871BE9261942D6A400B18578 /* RTMovieListViewController.h */ = {isa = PBXFileReference; fileEncoding = 4; lastKnownFileType = sourcecode.c.h; path = RTMovieListViewController.h; sourceTree = "<group>"; };
		871BE9271942D6A400B18578 /* RTMovieListViewController.m */ = {isa = PBXFileReference; fileEncoding = 4; lastKnownFileType = sourcecode.c.objc; path = RTMovieListViewController.m; sourceTree = "<group>"; };
		871BE9281942D6A400B18578 /* RTMovieListViewController.xib */ = {isa = PBXFileReference; fileEncoding = 4; lastKnownFileType = file.xib; path = RTMovieListViewController.xib; sourceTree = "<group>"; };
		871BE9331943AC4600B18578 /* RTMovieCell.h */ = {isa = PBXFileReference; fileEncoding = 4; lastKnownFileType = sourcecode.c.h; path = RTMovieCell.h; sourceTree = "<group>"; };
		871BE9341943AC4600B18578 /* RTMovieCell.m */ = {isa = PBXFileReference; fileEncoding = 4; lastKnownFileType = sourcecode.c.objc; path = RTMovieCell.m; sourceTree = "<group>"; };
		871BE9351943AC4600B18578 /* RTMovieCell.xib */ = {isa = PBXFileReference; fileEncoding = 4; lastKnownFileType = file.xib; path = RTMovieCell.xib; sourceTree = "<group>"; };
		871BE9391943D6CB00B18578 /* RTMovie.h */ = {isa = PBXFileReference; fileEncoding = 4; lastKnownFileType = sourcecode.c.h; path = RTMovie.h; sourceTree = "<group>"; };
		871BE93A1943D6CB00B18578 /* RTMovie.m */ = {isa = PBXFileReference; fileEncoding = 4; lastKnownFileType = sourcecode.c.objc; path = RTMovie.m; sourceTree = "<group>"; };
		871BE93F1943DCC800B18578 /* RTMovieDetailViewController.h */ = {isa = PBXFileReference; fileEncoding = 4; lastKnownFileType = sourcecode.c.h; path = RTMovieDetailViewController.h; sourceTree = "<group>"; };
		871BE9401943DCC800B18578 /* RTMovieDetailViewController.m */ = {isa = PBXFileReference; fileEncoding = 4; lastKnownFileType = sourcecode.c.objc; path = RTMovieDetailViewController.m; sourceTree = "<group>"; };
		871BE9411943DCC800B18578 /* RTMovieDetailViewController.xib */ = {isa = PBXFileReference; fileEncoding = 4; lastKnownFileType = file.xib; path = RTMovieDetailViewController.xib; sourceTree = "<group>"; };
		9FF698FED43C436483D7B572 /* libPods.a */ = {isa = PBXFileReference; explicitFileType = archive.ar; includeInIndex = 0; path = libPods.a; sourceTree = BUILT_PRODUCTS_DIR; };
		BA8B49F0E2E94316AC2E0A6A /* Pods.xcconfig */ = {isa = PBXFileReference; includeInIndex = 1; lastKnownFileType = text.xcconfig; name = Pods.xcconfig; path = Pods/Pods.xcconfig; sourceTree = "<group>"; };
/* End PBXFileReference section */

/* Begin PBXFrameworksBuildPhase section */
		871BE8F11942D38300B18578 /* Frameworks */ = {
			isa = PBXFrameworksBuildPhase;
			buildActionMask = 2147483647;
			files = (
				871BE8FA1942D38300B18578 /* CoreGraphics.framework in Frameworks */,
				871BE8FC1942D38300B18578 /* UIKit.framework in Frameworks */,
				871BE8F81942D38300B18578 /* Foundation.framework in Frameworks */,
				FC7FD20FBB154DEE8A12AD3E /* libPods.a in Frameworks */,
			);
			runOnlyForDeploymentPostprocessing = 0;
		};
		871BE90C1942D38300B18578 /* Frameworks */ = {
			isa = PBXFrameworksBuildPhase;
			buildActionMask = 2147483647;
			files = (
				871BE9111942D38300B18578 /* XCTest.framework in Frameworks */,
				871BE9131942D38300B18578 /* UIKit.framework in Frameworks */,
				871BE9121942D38300B18578 /* Foundation.framework in Frameworks */,
			);
			runOnlyForDeploymentPostprocessing = 0;
		};
/* End PBXFrameworksBuildPhase section */

/* Begin PBXGroup section */
		871BE8EB1942D38300B18578 = {
			isa = PBXGroup;
			children = (
				871BE8FD1942D38300B18578 /* RottenTomatoes */,
				871BE9161942D38300B18578 /* RottenTomatoesTests */,
				871BE8F61942D38300B18578 /* Frameworks */,
				871BE8F51942D38300B18578 /* Products */,
				BA8B49F0E2E94316AC2E0A6A /* Pods.xcconfig */,
			);
			sourceTree = "<group>";
		};
		871BE8F51942D38300B18578 /* Products */ = {
			isa = PBXGroup;
			children = (
				871BE8F41942D38300B18578 /* RottenTomatoes.app */,
				871BE90F1942D38300B18578 /* RottenTomatoesTests.xctest */,
			);
			name = Products;
			sourceTree = "<group>";
		};
		871BE8F61942D38300B18578 /* Frameworks */ = {
			isa = PBXGroup;
			children = (
				871BE8F71942D38300B18578 /* Foundation.framework */,
				871BE8F91942D38300B18578 /* CoreGraphics.framework */,
				871BE8FB1942D38300B18578 /* UIKit.framework */,
				871BE9101942D38300B18578 /* XCTest.framework */,
				9FF698FED43C436483D7B572 /* libPods.a */,
			);
			name = Frameworks;
			sourceTree = "<group>";
		};
		871BE8FD1942D38300B18578 /* RottenTomatoes */ = {
			isa = PBXGroup;
			children = (
				871BE9381943D6A600B18578 /* Models */,
				871BE9321943AC0D00B18578 /* Views */,
				871BE9301942E94400B18578 /* ViewController */,
				871BE9061942D38300B18578 /* RTAppDelegate.h */,
				871BE9071942D38300B18578 /* RTAppDelegate.m */,
				871BE9091942D38300B18578 /* Images.xcassets */,
				871BE8FE1942D38300B18578 /* Supporting Files */,
			);
			path = RottenTomatoes;
			sourceTree = "<group>";
		};
		871BE8FE1942D38300B18578 /* Supporting Files */ = {
			isa = PBXGroup;
			children = (
				871BE8FF1942D38300B18578 /* RottenTomatoes-Info.plist */,
				871BE9001942D38300B18578 /* InfoPlist.strings */,
				871BE9031942D38300B18578 /* main.m */,
				871BE9051942D38300B18578 /* RottenTomatoes-Prefix.pch */,
			);
			name = "Supporting Files";
			sourceTree = "<group>";
		};
		871BE9161942D38300B18578 /* RottenTomatoesTests */ = {
			isa = PBXGroup;
			children = (
				871BE91C1942D38300B18578 /* RottenTomatoesTests.m */,
				871BE9171942D38300B18578 /* Supporting Files */,
			);
			path = RottenTomatoesTests;
			sourceTree = "<group>";
		};
		871BE9171942D38300B18578 /* Supporting Files */ = {
			isa = PBXGroup;
			children = (
				871BE9181942D38300B18578 /* RottenTomatoesTests-Info.plist */,
				871BE9191942D38300B18578 /* InfoPlist.strings */,
			);
			name = "Supporting Files";
			sourceTree = "<group>";
		};
		871BE9301942E94400B18578 /* ViewController */ = {
			isa = PBXGroup;
			children = (
				871BE9261942D6A400B18578 /* RTMovieListViewController.h */,
				871BE9271942D6A400B18578 /* RTMovieListViewController.m */,
				871BE9281942D6A400B18578 /* RTMovieListViewController.xib */,
				871BE93F1943DCC800B18578 /* RTMovieDetailViewController.h */,
				871BE9401943DCC800B18578 /* RTMovieDetailViewController.m */,
				871BE9411943DCC800B18578 /* RTMovieDetailViewController.xib */,
			);
			name = ViewController;
			sourceTree = "<group>";
		};
		871BE9321943AC0D00B18578 /* Views */ = {
			isa = PBXGroup;
			children = (
				871BE9331943AC4600B18578 /* RTMovieCell.h */,
				871BE9341943AC4600B18578 /* RTMovieCell.m */,
				871BE9351943AC4600B18578 /* RTMovieCell.xib */,
			);
			name = Views;
			sourceTree = "<group>";
		};
		871BE9381943D6A600B18578 /* Models */ = {
			isa = PBXGroup;
			children = (
				871BE9391943D6CB00B18578 /* RTMovie.h */,
				871BE93A1943D6CB00B18578 /* RTMovie.m */,
			);
			name = Models;
			sourceTree = "<group>";
		};
/* End PBXGroup section */

/* Begin PBXNativeTarget section */
		871BE8F31942D38300B18578 /* RottenTomatoes */ = {
			isa = PBXNativeTarget;
			buildConfigurationList = 871BE9201942D38300B18578 /* Build configuration list for PBXNativeTarget "RottenTomatoes" */;
			buildPhases = (
				8B9B13ECFAEB408BB63BF882 /* Check Pods Manifest.lock */,
				871BE8F01942D38300B18578 /* Sources */,
				871BE8F11942D38300B18578 /* Frameworks */,
				871BE8F21942D38300B18578 /* Resources */,
				EF4AE4B8429549658745F88C /* Copy Pods Resources */,
			);
			buildRules = (
			);
			dependencies = (
			);
			name = RottenTomatoes;
			productName = RottenTomatoes;
			productReference = 871BE8F41942D38300B18578 /* RottenTomatoes.app */;
			productType = "com.apple.product-type.application";
		};
		871BE90E1942D38300B18578 /* RottenTomatoesTests */ = {
			isa = PBXNativeTarget;
			buildConfigurationList = 871BE9231942D38300B18578 /* Build configuration list for PBXNativeTarget "RottenTomatoesTests" */;
			buildPhases = (
				871BE90B1942D38300B18578 /* Sources */,
				871BE90C1942D38300B18578 /* Frameworks */,
				871BE90D1942D38300B18578 /* Resources */,
			);
			buildRules = (
			);
			dependencies = (
				871BE9151942D38300B18578 /* PBXTargetDependency */,
			);
			name = RottenTomatoesTests;
			productName = RottenTomatoesTests;
			productReference = 871BE90F1942D38300B18578 /* RottenTomatoesTests.xctest */;
			productType = "com.apple.product-type.bundle.unit-test";
		};
/* End PBXNativeTarget section */

/* Begin PBXProject section */
		871BE8EC1942D38300B18578 /* Project object */ = {
			isa = PBXProject;
			attributes = {
				CLASSPREFIX = RT;
				LastUpgradeCheck = 0510;
				ORGANIZATIONNAME = dbernthal;
				TargetAttributes = {
					871BE90E1942D38300B18578 = {
						TestTargetID = 871BE8F31942D38300B18578;
					};
				};
			};
			buildConfigurationList = 871BE8EF1942D38300B18578 /* Build configuration list for PBXProject "RottenTomatoes" */;
			compatibilityVersion = "Xcode 3.2";
			developmentRegion = English;
			hasScannedForEncodings = 0;
			knownRegions = (
				en,
			);
			mainGroup = 871BE8EB1942D38300B18578;
			productRefGroup = 871BE8F51942D38300B18578 /* Products */;
			projectDirPath = "";
			projectRoot = "";
			targets = (
				871BE8F31942D38300B18578 /* RottenTomatoes */,
				871BE90E1942D38300B18578 /* RottenTomatoesTests */,
			);
		};
/* End PBXProject section */

/* Begin PBXResourcesBuildPhase section */
		871BE8F21942D38300B18578 /* Resources */ = {
			isa = PBXResourcesBuildPhase;
			buildActionMask = 2147483647;
			files = (
				871BE92A1942D6A400B18578 /* RTMovieListViewController.xib in Resources */,
				871BE9021942D38300B18578 /* InfoPlist.strings in Resources */,
				871BE9431943DCC800B18578 /* RTMovieDetailViewController.xib in Resources */,
				871BE9371943AC4600B18578 /* RTMovieCell.xib in Resources */,
				871BE90A1942D38300B18578 /* Images.xcassets in Resources */,
			);
			runOnlyForDeploymentPostprocessing = 0;
		};
		871BE90D1942D38300B18578 /* Resources */ = {
			isa = PBXResourcesBuildPhase;
			buildActionMask = 2147483647;
			files = (
				871BE91B1942D38300B18578 /* InfoPlist.strings in Resources */,
			);
			runOnlyForDeploymentPostprocessing = 0;
		};
/* End PBXResourcesBuildPhase section */

/* Begin PBXShellScriptBuildPhase section */
		8B9B13ECFAEB408BB63BF882 /* Check Pods Manifest.lock */ = {
			isa = PBXShellScriptBuildPhase;
			buildActionMask = 2147483647;
			files = (
			);
			inputPaths = (
			);
			name = "Check Pods Manifest.lock";
			outputPaths = (
			);
			runOnlyForDeploymentPostprocessing = 0;
			shellPath = /bin/sh;
			shellScript = "diff \"${PODS_ROOT}/../Podfile.lock\" \"${PODS_ROOT}/Manifest.lock\" > /dev/null\nif [[ $? != 0 ]] ; then\n    cat << EOM\nerror: The sandbox is not in sync with the Podfile.lock. Run 'pod install' or update your CocoaPods installation.\nEOM\n    exit 1\nfi\n";
			showEnvVarsInLog = 0;
		};
		EF4AE4B8429549658745F88C /* Copy Pods Resources */ = {
			isa = PBXShellScriptBuildPhase;
			buildActionMask = 2147483647;
			files = (
			);
			inputPaths = (
			);
			name = "Copy Pods Resources";
			outputPaths = (
			);
			runOnlyForDeploymentPostprocessing = 0;
			shellPath = /bin/sh;
			shellScript = "\"${SRCROOT}/Pods/Pods-resources.sh\"\n";
			showEnvVarsInLog = 0;
		};
/* End PBXShellScriptBuildPhase section */

/* Begin PBXSourcesBuildPhase section */
		871BE8F01942D38300B18578 /* Sources */ = {
			isa = PBXSourcesBuildPhase;
			buildActionMask = 2147483647;
			files = (
				871BE9081942D38300B18578 /* RTAppDelegate.m in Sources */,
				871BE9041942D38300B18578 /* main.m in Sources */,
				871BE93B1943D6CB00B18578 /* RTMovie.m in Sources */,
				871BE9361943AC4600B18578 /* RTMovieCell.m in Sources */,
				871BE9421943DCC800B18578 /* RTMovieDetailViewController.m in Sources */,
				871BE9291942D6A400B18578 /* RTMovieListViewController.m in Sources */,
			);
			runOnlyForDeploymentPostprocessing = 0;
		};
		871BE90B1942D38300B18578 /* Sources */ = {
			isa = PBXSourcesBuildPhase;
			buildActionMask = 2147483647;
			files = (
				871BE91D1942D38300B18578 /* RottenTomatoesTests.m in Sources */,
			);
			runOnlyForDeploymentPostprocessing = 0;
		};
/* End PBXSourcesBuildPhase section */

/* Begin PBXTargetDependency section */
		871BE9151942D38300B18578 /* PBXTargetDependency */ = {
			isa = PBXTargetDependency;
			target = 871BE8F31942D38300B18578 /* RottenTomatoes */;
			targetProxy = 871BE9141942D38300B18578 /* PBXContainerItemProxy */;
		};
/* End PBXTargetDependency section */

/* Begin PBXVariantGroup section */
		871BE9001942D38300B18578 /* InfoPlist.strings */ = {
			isa = PBXVariantGroup;
			children = (
				871BE9011942D38300B18578 /* en */,
			);
			name = InfoPlist.strings;
			sourceTree = "<group>";
		};
		871BE9191942D38300B18578 /* InfoPlist.strings */ = {
			isa = PBXVariantGroup;
			children = (
				871BE91A1942D38300B18578 /* en */,
			);
			name = InfoPlist.strings;
			sourceTree = "<group>";
		};
/* End PBXVariantGroup section */

/* Begin XCBuildConfiguration section */
		871BE91E1942D38300B18578 /* Debug */ = {
			isa = XCBuildConfiguration;
			buildSettings = {
				ALWAYS_SEARCH_USER_PATHS = NO;
				CLANG_CXX_LANGUAGE_STANDARD = "gnu++0x";
				CLANG_CXX_LIBRARY = "libc++";
				CLANG_ENABLE_MODULES = YES;
				CLANG_ENABLE_OBJC_ARC = YES;
				CLANG_WARN_BOOL_CONVERSION = YES;
				CLANG_WARN_CONSTANT_CONVERSION = YES;
				CLANG_WARN_DIRECT_OBJC_ISA_USAGE = YES_ERROR;
				CLANG_WARN_EMPTY_BODY = YES;
				CLANG_WARN_ENUM_CONVERSION = YES;
				CLANG_WARN_INT_CONVERSION = YES;
				CLANG_WARN_OBJC_ROOT_CLASS = YES_ERROR;
				CLANG_WARN__DUPLICATE_METHOD_MATCH = YES;
				"CODE_SIGN_IDENTITY[sdk=iphoneos*]" = "iPhone Developer";
				COPY_PHASE_STRIP = NO;
				GCC_C_LANGUAGE_STANDARD = gnu99;
				GCC_DYNAMIC_NO_PIC = NO;
				GCC_OPTIMIZATION_LEVEL = 0;
				GCC_PREPROCESSOR_DEFINITIONS = (
					"DEBUG=1",
					"$(inherited)",
				);
				GCC_SYMBOLS_PRIVATE_EXTERN = NO;
				GCC_WARN_64_TO_32_BIT_CONVERSION = YES;
				GCC_WARN_ABOUT_RETURN_TYPE = YES_ERROR;
				GCC_WARN_UNDECLARED_SELECTOR = YES;
				GCC_WARN_UNINITIALIZED_AUTOS = YES_AGGRESSIVE;
				GCC_WARN_UNUSED_FUNCTION = YES;
				GCC_WARN_UNUSED_VARIABLE = YES;
				IPHONEOS_DEPLOYMENT_TARGET = 7.1;
				ONLY_ACTIVE_ARCH = YES;
				SDKROOT = iphoneos;
				TARGETED_DEVICE_FAMILY = "1,2";
			};
			name = Debug;
		};
		871BE91F1942D38300B18578 /* Release */ = {
			isa = XCBuildConfiguration;
			buildSettings = {
				ALWAYS_SEARCH_USER_PATHS = NO;
				CLANG_CXX_LANGUAGE_STANDARD = "gnu++0x";
				CLANG_CXX_LIBRARY = "libc++";
				CLANG_ENABLE_MODULES = YES;
				CLANG_ENABLE_OBJC_ARC = YES;
				CLANG_WARN_BOOL_CONVERSION = YES;
				CLANG_WARN_CONSTANT_CONVERSION = YES;
				CLANG_WARN_DIRECT_OBJC_ISA_USAGE = YES_ERROR;
				CLANG_WARN_EMPTY_BODY = YES;
				CLANG_WARN_ENUM_CONVERSION = YES;
				CLANG_WARN_INT_CONVERSION = YES;
				CLANG_WARN_OBJC_ROOT_CLASS = YES_ERROR;
				CLANG_WARN__DUPLICATE_METHOD_MATCH = YES;
				"CODE_SIGN_IDENTITY[sdk=iphoneos*]" = "iPhone Developer";
				COPY_PHASE_STRIP = YES;
				ENABLE_NS_ASSERTIONS = NO;
				GCC_C_LANGUAGE_STANDARD = gnu99;
				GCC_WARN_64_TO_32_BIT_CONVERSION = YES;
				GCC_WARN_ABOUT_RETURN_TYPE = YES_ERROR;
				GCC_WARN_UNDECLARED_SELECTOR = YES;
				GCC_WARN_UNINITIALIZED_AUTOS = YES_AGGRESSIVE;
				GCC_WARN_UNUSED_FUNCTION = YES;
				GCC_WARN_UNUSED_VARIABLE = YES;
				IPHONEOS_DEPLOYMENT_TARGET = 7.1;
				SDKROOT = iphoneos;
				TARGETED_DEVICE_FAMILY = "1,2";
				VALIDATE_PRODUCT = YES;
			};
			name = Release;
		};
		871BE9211942D38300B18578 /* Debug */ = {
			isa = XCBuildConfiguration;
			baseConfigurationReference = BA8B49F0E2E94316AC2E0A6A /* Pods.xcconfig */;
			buildSettings = {
				ASSETCATALOG_COMPILER_APPICON_NAME = AppIcon;
				ASSETCATALOG_COMPILER_LAUNCHIMAGE_NAME = LaunchImage;
				GCC_PRECOMPILE_PREFIX_HEADER = YES;
				GCC_PREFIX_HEADER = "RottenTomatoes/RottenTomatoes-Prefix.pch";
				INFOPLIST_FILE = "RottenTomatoes/RottenTomatoes-Info.plist";
				PRODUCT_NAME = "$(TARGET_NAME)";
				WRAPPER_EXTENSION = app;
			};
			name = Debug;
		};
		871BE9221942D38300B18578 /* Release */ = {
			isa = XCBuildConfiguration;
			baseConfigurationReference = BA8B49F0E2E94316AC2E0A6A /* Pods.xcconfig */;
			buildSettings = {
				ASSETCATALOG_COMPILER_APPICON_NAME = AppIcon;
				ASSETCATALOG_COMPILER_LAUNCHIMAGE_NAME = LaunchImage;
				GCC_PRECOMPILE_PREFIX_HEADER = YES;
				GCC_PREFIX_HEADER = "RottenTomatoes/RottenTomatoes-Prefix.pch";
				INFOPLIST_FILE = "RottenTomatoes/RottenTomatoes-Info.plist";
				PRODUCT_NAME = "$(TARGET_NAME)";
				WRAPPER_EXTENSION = app;
			};
			name = Release;
		};
		871BE9241942D38300B18578 /* Debug */ = {
			isa = XCBuildConfiguration;
			buildSettings = {
				BUNDLE_LOADER = "$(BUILT_PRODUCTS_DIR)/RottenTomatoes.app/RottenTomatoes";
				FRAMEWORK_SEARCH_PATHS = (
					"$(SDKROOT)/Developer/Library/Frameworks",
					"$(inherited)",
					"$(DEVELOPER_FRAMEWORKS_DIR)",
				);
				GCC_PRECOMPILE_PREFIX_HEADER = YES;
				GCC_PREFIX_HEADER = "RottenTomatoes/RottenTomatoes-Prefix.pch";
				GCC_PREPROCESSOR_DEFINITIONS = (
					"DEBUG=1",
					"$(inherited)",
				);
				INFOPLIST_FILE = "RottenTomatoesTests/RottenTomatoesTests-Info.plist";
				PRODUCT_NAME = "$(TARGET_NAME)";
				TEST_HOST = "$(BUNDLE_LOADER)";
				WRAPPER_EXTENSION = xctest;
			};
			name = Debug;
		};
		871BE9251942D38300B18578 /* Release */ = {
			isa = XCBuildConfiguration;
			buildSettings = {
				BUNDLE_LOADER = "$(BUILT_PRODUCTS_DIR)/RottenTomatoes.app/RottenTomatoes";
				FRAMEWORK_SEARCH_PATHS = (
					"$(SDKROOT)/Developer/Library/Frameworks",
					"$(inherited)",
					"$(DEVELOPER_FRAMEWORKS_DIR)",
				);
				GCC_PRECOMPILE_PREFIX_HEADER = YES;
				GCC_PREFIX_HEADER = "RottenTomatoes/RottenTomatoes-Prefix.pch";
				INFOPLIST_FILE = "RottenTomatoesTests/RottenTomatoesTests-Info.plist";
				PRODUCT_NAME = "$(TARGET_NAME)";
				TEST_HOST = "$(BUNDLE_LOADER)";
				WRAPPER_EXTENSION = xctest;
			};
			name = Release;
		};
/* End XCBuildConfiguration section */

/* Begin XCConfigurationList section */
		871BE8EF1942D38300B18578 /* Build configuration list for PBXProject "RottenTomatoes" */ = {
			isa = XCConfigurationList;
			buildConfigurations = (
				871BE91E1942D38300B18578 /* Debug */,
				871BE91F1942D38300B18578 /* Release */,
			);
			defaultConfigurationIsVisible = 0;
			defaultConfigurationName = Release;
		};
		871BE9201942D38300B18578 /* Build configuration list for PBXNativeTarget "RottenTomatoes" */ = {
			isa = XCConfigurationList;
			buildConfigurations = (
				871BE9211942D38300B18578 /* Debug */,
				871BE9221942D38300B18578 /* Release */,
			);
			defaultConfigurationIsVisible = 0;
			defaultConfigurationName = Release;
		};
		871BE9231942D38300B18578 /* Build configuration list for PBXNativeTarget "RottenTomatoesTests" */ = {
			isa = XCConfigurationList;
			buildConfigurations = (
				871BE9241942D38300B18578 /* Debug */,
				871BE9251942D38300B18578 /* Release */,
			);
			defaultConfigurationIsVisible = 0;
			defaultConfigurationName = Release;
		};
/* End XCConfigurationList section */
	};
	rootObject = 871BE8EC1942D38300B18578 /* Project object */;
}
